
Microsoft Visual Studio Solution File, Format Version 12.00
# Visual Studio Version 17
VisualStudioVersion = 17.10.35122.118
MinimumVisualStudioVersion = 10.0.40219.1
Project("{9A19103F-16F7-4668-BE54-9A1E7A4F7556}") = "Blog.Post.Manager.Backend.Api", "Blog.Post.Manager.Backend.Api\Blog.Post.Manager.Backend.Api.csproj", "{09515263-EB24-42A3-B237-7A3EADDA80AF}"
EndProject
Project("{2150E333-8FDC-42A3-9474-1A3956D46DE8}") = "src", "src", "{1AF3702D-0A4E-4883-BE8C-1FD5D7F2D058}"
EndProject
Project("{2150E333-8FDC-42A3-9474-1A3956D46DE8}") = "1.api", "1.api", "{9C004413-B4BB-4431-A153-11FE79A4D597}"
EndProject
Project("{2150E333-8FDC-42A3-9474-1A3956D46DE8}") = "2.business", "2.business", "{3A284F9D-0BE6-4116-8703-75FE6D97AFCA}"
EndProject
Project("{9A19103F-16F7-4668-BE54-9A1E7A4F7556}") = "Blog.Post.Manager.Backend.Commands", "Blog.Post.Manager.Backend.Commands\Blog.Post.Manager.Backend.Commands.csproj", "{CD51859A-11FF-4DEE-A439-5232EF5D0394}"
EndProject
Project("{9A19103F-16F7-4668-BE54-9A1E7A4F7556}") = "Blog.Post.Manager.Backend.Commands.Handlers", "Blog.Post.Manager.Backend.Commands.Handlers\Blog.Post.Manager.Backend.Commands.Handlers.csproj", "{EFF968C3-5585-41BE-A748-B976473FBFE6}"
EndProject
Project("{9A19103F-16F7-4668-BE54-9A1E7A4F7556}") = "Blog.Post.Manager.Backend.Queries", "Blog.Post.Manager.Backend.Queries\Blog.Post.Manager.Backend.Queries.csproj", "{CD9AF30A-F595-4764-9289-A50E8C08E39F}"
EndProject
Project("{9A19103F-16F7-4668-BE54-9A1E7A4F7556}") = "Blog.Post.Manager.Backend.Queries.Handlers", "Blog.Post.Manager.Backend.Queries.Handlers\Blog.Post.Manager.Backend.Queries.Handlers.csproj", "{C9E4F700-13FD-4238-817D-000CA872A14E}"
EndProject
Project("{9A19103F-16F7-4668-BE54-9A1E7A4F7556}") = "Blog.Post.Manager.Backend.Models", "Blog.Post.Manager.Backend.Models\Blog.Post.Manager.Backend.Models.csproj", "{3A758F3C-90C2-4DEA-AE8F-74BD50980D5E}"
EndProject
Project("{2150E333-8FDC-42A3-9474-1A3956D46DE8}") = "3.dataaccess", "3.dataaccess", "{C2AAE55E-2EC4-48C0-86C0-3F803EEA846E}"
EndProject
Project("{9A19103F-16F7-4668-BE54-9A1E7A4F7556}") = "Blog.Post.Manager.Backend.Stores.Abstraction", "Blog.Post.Manager.Backend.Stores.Abstraction\Blog.Post.Manager.Backend.Stores.Abstraction.csproj", "{7100FAEB-9047-4A25-AEC1-CC42ACC6B53C}"
EndProject
Project("{9A19103F-16F7-4668-BE54-9A1E7A4F7556}") = "Blog.Post.Manager.Backend.Stores.Cosmos", "Blog.Post.Manager.Backend.Stores.Cosmos\Blog.Post.Manager.Backend.Stores.Cosmos.csproj", "{10B261FA-BCB9-4EB3-9354-EBC6C0213398}"
EndProject
Project("{9A19103F-16F7-4668-BE54-9A1E7A4F7556}") = "Blog.Post.Manager.Backend.Cosmos", "Blog.Post.Manager.Backend.Cosmos\Blog.Post.Manager.Backend.Cosmos.csproj", "{DDB40A5B-75DF-4525-BABB-AC4AEFDF2E60}"
EndProject
Project("{9A19103F-16F7-4668-BE54-9A1E7A4F7556}") = "Blog.Post.Manager.Backend.Mappings", "Blog.Post.Manager.Backend.Mappings\Blog.Post.Manager.Backend.Mappings.csproj", "{5AA3D357-D58E-45DB-AC6D-25E74DBA14F2}"
EndProject
Project("{2150E333-8FDC-42A3-9474-1A3956D46DE8}") = "4.tests", "4.tests", "{0FC2E6B9-AFB6-4A55-AC53-A03FACA9723A}"
EndProject
Project("{2150E333-8FDC-42A3-9474-1A3956D46DE8}") = "1.dataaccess", "1.dataaccess", "{6A35657E-9E40-434E-9CC6-015E88DD4EDE}"
EndProject
Project("{FAE04EC0-301F-11D3-BF4B-00C04F79EFBC}") = "Blog.Post.Manager.Backend.Stores.Cosmos.UnitTests", "Blog.Post.Manager.Backend.Stores.Cosmos.UnitTests\Blog.Post.Manager.Backend.Stores.Cosmos.UnitTests.csproj", "{BFC8B982-FA67-449D-BC76-848060395C21}"
EndProject
Global
	GlobalSection(SolutionConfigurationPlatforms) = preSolution
		Debug|Any CPU = Debug|Any CPU
		Release|Any CPU = Release|Any CPU
	EndGlobalSection
	GlobalSection(ProjectConfigurationPlatforms) = postSolution
		{09515263-EB24-42A3-B237-7A3EADDA80AF}.Debug|Any CPU.ActiveCfg = Debug|Any CPU
		{09515263-EB24-42A3-B237-7A3EADDA80AF}.Debug|Any CPU.Build.0 = Debug|Any CPU
		{09515263-EB24-42A3-B237-7A3EADDA80AF}.Release|Any CPU.ActiveCfg = Release|Any CPU
		{09515263-EB24-42A3-B237-7A3EADDA80AF}.Release|Any CPU.Build.0 = Release|Any CPU
		{CD51859A-11FF-4DEE-A439-5232EF5D0394}.Debug|Any CPU.ActiveCfg = Debug|Any CPU
		{CD51859A-11FF-4DEE-A439-5232EF5D0394}.Debug|Any CPU.Build.0 = Debug|Any CPU
		{CD51859A-11FF-4DEE-A439-5232EF5D0394}.Release|Any CPU.ActiveCfg = Release|Any CPU
		{CD51859A-11FF-4DEE-A439-5232EF5D0394}.Release|Any CPU.Build.0 = Release|Any CPU
		{EFF968C3-5585-41BE-A748-B976473FBFE6}.Debug|Any CPU.ActiveCfg = Debug|Any CPU
		{EFF968C3-5585-41BE-A748-B976473FBFE6}.Debug|Any CPU.Build.0 = Debug|Any CPU
		{EFF968C3-5585-41BE-A748-B976473FBFE6}.Release|Any CPU.ActiveCfg = Release|Any CPU
		{EFF968C3-5585-41BE-A748-B976473FBFE6}.Release|Any CPU.Build.0 = Release|Any CPU
		{CD9AF30A-F595-4764-9289-A50E8C08E39F}.Debug|Any CPU.ActiveCfg = Debug|Any CPU
		{CD9AF30A-F595-4764-9289-A50E8C08E39F}.Debug|Any CPU.Build.0 = Debug|Any CPU
		{CD9AF30A-F595-4764-9289-A50E8C08E39F}.Release|Any CPU.ActiveCfg = Release|Any CPU
		{CD9AF30A-F595-4764-9289-A50E8C08E39F}.Release|Any CPU.Build.0 = Release|Any CPU
		{C9E4F700-13FD-4238-817D-000CA872A14E}.Debug|Any CPU.ActiveCfg = Debug|Any CPU
		{C9E4F700-13FD-4238-817D-000CA872A14E}.Debug|Any CPU.Build.0 = Debug|Any CPU
		{C9E4F700-13FD-4238-817D-000CA872A14E}.Release|Any CPU.ActiveCfg = Release|Any CPU
		{C9E4F700-13FD-4238-817D-000CA872A14E}.Release|Any CPU.Build.0 = Release|Any CPU
		{3A758F3C-90C2-4DEA-AE8F-74BD50980D5E}.Debug|Any CPU.ActiveCfg = Debug|Any CPU
		{3A758F3C-90C2-4DEA-AE8F-74BD50980D5E}.Debug|Any CPU.Build.0 = Debug|Any CPU
		{3A758F3C-90C2-4DEA-AE8F-74BD50980D5E}.Release|Any CPU.ActiveCfg = Release|Any CPU
		{3A758F3C-90C2-4DEA-AE8F-74BD50980D5E}.Release|Any CPU.Build.0 = Release|Any CPU
		{7100FAEB-9047-4A25-AEC1-CC42ACC6B53C}.Debug|Any CPU.ActiveCfg = Debug|Any CPU
		{7100FAEB-9047-4A25-AEC1-CC42ACC6B53C}.Debug|Any CPU.Build.0 = Debug|Any CPU
		{7100FAEB-9047-4A25-AEC1-CC42ACC6B53C}.Release|Any CPU.ActiveCfg = Release|Any CPU
		{7100FAEB-9047-4A25-AEC1-CC42ACC6B53C}.Release|Any CPU.Build.0 = Release|Any CPU
		{10B261FA-BCB9-4EB3-9354-EBC6C0213398}.Debug|Any CPU.ActiveCfg = Debug|Any CPU
		{10B261FA-BCB9-4EB3-9354-EBC6C0213398}.Debug|Any CPU.Build.0 = Debug|Any CPU
		{10B261FA-BCB9-4EB3-9354-EBC6C0213398}.Release|Any CPU.ActiveCfg = Release|Any CPU
		{10B261FA-BCB9-4EB3-9354-EBC6C0213398}.Release|Any CPU.Build.0 = Release|Any CPU
		{DDB40A5B-75DF-4525-BABB-AC4AEFDF2E60}.Debug|Any CPU.ActiveCfg = Debug|Any CPU
		{DDB40A5B-75DF-4525-BABB-AC4AEFDF2E60}.Debug|Any CPU.Build.0 = Debug|Any CPU
		{DDB40A5B-75DF-4525-BABB-AC4AEFDF2E60}.Release|Any CPU.ActiveCfg = Release|Any CPU
		{DDB40A5B-75DF-4525-BABB-AC4AEFDF2E60}.Release|Any CPU.Build.0 = Release|Any CPU
		{5AA3D357-D58E-45DB-AC6D-25E74DBA14F2}.Debug|Any CPU.ActiveCfg = Debug|Any CPU
		{5AA3D357-D58E-45DB-AC6D-25E74DBA14F2}.Debug|Any CPU.Build.0 = Debug|Any CPU
		{5AA3D357-D58E-45DB-AC6D-25E74DBA14F2}.Release|Any CPU.ActiveCfg = Release|Any CPU
		{5AA3D357-D58E-45DB-AC6D-25E74DBA14F2}.Release|Any CPU.Build.0 = Release|Any CPU
		{BFC8B982-FA67-449D-BC76-848060395C21}.Debug|Any CPU.ActiveCfg = Debug|Any CPU
		{BFC8B982-FA67-449D-BC76-848060395C21}.Debug|Any CPU.Build.0 = Debug|Any CPU
		{BFC8B982-FA67-449D-BC76-848060395C21}.Release|Any CPU.ActiveCfg = Release|Any CPU
		{BFC8B982-FA67-449D-BC76-848060395C21}.Release|Any CPU.Build.0 = Release|Any CPU
	EndGlobalSection
	GlobalSection(SolutionProperties) = preSolution
		HideSolutionNode = FALSE
	EndGlobalSection
	GlobalSection(NestedProjects) = preSolution
		{09515263-EB24-42A3-B237-7A3EADDA80AF} = {9C004413-B4BB-4431-A153-11FE79A4D597}
		{9C004413-B4BB-4431-A153-11FE79A4D597} = {1AF3702D-0A4E-4883-BE8C-1FD5D7F2D058}
		{3A284F9D-0BE6-4116-8703-75FE6D97AFCA} = {1AF3702D-0A4E-4883-BE8C-1FD5D7F2D058}
		{CD51859A-11FF-4DEE-A439-5232EF5D0394} = {3A284F9D-0BE6-4116-8703-75FE6D97AFCA}
		{EFF968C3-5585-41BE-A748-B976473FBFE6} = {3A284F9D-0BE6-4116-8703-75FE6D97AFCA}
		{CD9AF30A-F595-4764-9289-A50E8C08E39F} = {3A284F9D-0BE6-4116-8703-75FE6D97AFCA}
		{C9E4F700-13FD-4238-817D-000CA872A14E} = {3A284F9D-0BE6-4116-8703-75FE6D97AFCA}
		{3A758F3C-90C2-4DEA-AE8F-74BD50980D5E} = {3A284F9D-0BE6-4116-8703-75FE6D97AFCA}
		{C2AAE55E-2EC4-48C0-86C0-3F803EEA846E} = {1AF3702D-0A4E-4883-BE8C-1FD5D7F2D058}
		{7100FAEB-9047-4A25-AEC1-CC42ACC6B53C} = {C2AAE55E-2EC4-48C0-86C0-3F803EEA846E}
		{10B261FA-BCB9-4EB3-9354-EBC6C0213398} = {C2AAE55E-2EC4-48C0-86C0-3F803EEA846E}
		{DDB40A5B-75DF-4525-BABB-AC4AEFDF2E60} = {C2AAE55E-2EC4-48C0-86C0-3F803EEA846E}
		{5AA3D357-D58E-45DB-AC6D-25E74DBA14F2} = {3A284F9D-0BE6-4116-8703-75FE6D97AFCA}
		{0FC2E6B9-AFB6-4A55-AC53-A03FACA9723A} = {1AF3702D-0A4E-4883-BE8C-1FD5D7F2D058}
		{6A35657E-9E40-434E-9CC6-015E88DD4EDE} = {0FC2E6B9-AFB6-4A55-AC53-A03FACA9723A}
		{BFC8B982-FA67-449D-BC76-848060395C21} = {6A35657E-9E40-434E-9CC6-015E88DD4EDE}
	EndGlobalSection
	GlobalSection(ExtensibilityGlobals) = postSolution
		SolutionGuid = {32635B60-F85F-47AF-B299-2FAED89C7026}
	EndGlobalSection
EndGlobal
